// !$*UTF8*$!
{
	archiveVersion = 1;
	classes = {
	};
	objectVersion = 55;
	objects = {

/* Begin PBXBuildFile section */
		6E3991C428F7079E00EA3ECD /* AppDelegate.swift in Sources */ = {isa = PBXBuildFile; fileRef = 6E3991C328F7079E00EA3ECD /* AppDelegate.swift */; };
		6E3991C828F7079E00EA3ECD /* CourseDetailsViewController.swift in Sources */ = {isa = PBXBuildFile; fileRef = 6E3991C728F7079E00EA3ECD /* CourseDetailsViewController.swift */; };
		6E3991CB28F7079E00EA3ECD /* Main.storyboard in Resources */ = {isa = PBXBuildFile; fileRef = 6E3991C928F7079E00EA3ECD /* Main.storyboard */; };
		6E3991CD28F7079F00EA3ECD /* Assets.xcassets in Resources */ = {isa = PBXBuildFile; fileRef = 6E3991CC28F7079F00EA3ECD /* Assets.xcassets */; };
		6E3991D028F7079F00EA3ECD /* LaunchScreen.storyboard in Resources */ = {isa = PBXBuildFile; fileRef = 6E3991CE28F7079F00EA3ECD /* LaunchScreen.storyboard */; };
		6E3991D928F70A3900EA3ECD /* CourseDetailsViewModel.swift in Sources */ = {isa = PBXBuildFile; fileRef = 6E3991D828F70A3900EA3ECD /* CourseDetailsViewModel.swift */; };
		6E3991DC28F70D3200EA3ECD /* Course.swift in Sources */ = {isa = PBXBuildFile; fileRef = 6E3991DB28F70D3200EA3ECD /* Course.swift */; };
		6E45FDC628FF1200008AF765 /* ImageManager.swift in Sources */ = {isa = PBXBuildFile; fileRef = 6E45FDC528FF1200008AF765 /* ImageManager.swift */; };
		6E45FDC828FF192F008AF765 /* DataManager.swift in Sources */ = {isa = PBXBuildFile; fileRef = 6E45FDC728FF192F008AF765 /* DataManager.swift */; };
		6E45FDCB28FF23B6008AF765 /* CourseListViewModel.swift in Sources */ = {isa = PBXBuildFile; fileRef = 6E45FDCA28FF23B6008AF765 /* CourseListViewModel.swift */; };
		6E45FDCD28FF23D4008AF765 /* CourseListViewController.swift in Sources */ = {isa = PBXBuildFile; fileRef = 6E45FDCC28FF23D4008AF765 /* CourseListViewController.swift */; };
		6E45FDD028FF2481008AF765 /* CourseTableViewCell.swift in Sources */ = {isa = PBXBuildFile; fileRef = 6E45FDCF28FF2481008AF765 /* CourseTableViewCell.swift */; };
		6E45FDD228FF24C5008AF765 /* CourseTableViewCellViewModel.swift in Sources */ = {isa = PBXBuildFile; fileRef = 6E45FDD128FF24C5008AF765 /* CourseTableViewCellViewModel.swift */; };
		6E45FDD428FF29FE008AF765 /* NetworkManager.swift in Sources */ = {isa = PBXBuildFile; fileRef = 6E45FDD328FF29FE008AF765 /* NetworkManager.swift */; };
/* End PBXBuildFile section */

/* Begin PBXFileReference section */
		6E3991C028F7079E00EA3ECD /* architectural_patterns.app */ = {isa = PBXFileReference; explicitFileType = wrapper.application; includeInIndex = 0; path = architectural_patterns.app; sourceTree = BUILT_PRODUCTS_DIR; };
		6E3991C328F7079E00EA3ECD /* AppDelegate.swift */ = {isa = PBXFileReference; lastKnownFileType = sourcecode.swift; path = AppDelegate.swift; sourceTree = "<group>"; };
		6E3991C728F7079E00EA3ECD /* CourseDetailsViewController.swift */ = {isa = PBXFileReference; lastKnownFileType = sourcecode.swift; path = CourseDetailsViewController.swift; sourceTree = "<group>"; };
		6E3991CA28F7079E00EA3ECD /* Base */ = {isa = PBXFileReference; lastKnownFileType = file.storyboard; name = Base; path = Base.lproj/Main.storyboard; sourceTree = "<group>"; };
		6E3991CC28F7079F00EA3ECD /* Assets.xcassets */ = {isa = PBXFileReference; lastKnownFileType = folder.assetcatalog; path = Assets.xcassets; sourceTree = "<group>"; };
		6E3991CF28F7079F00EA3ECD /* Base */ = {isa = PBXFileReference; lastKnownFileType = file.storyboard; name = Base; path = Base.lproj/LaunchScreen.storyboard; sourceTree = "<group>"; };
		6E3991D128F7079F00EA3ECD /* Info.plist */ = {isa = PBXFileReference; lastKnownFileType = text.plist.xml; path = Info.plist; sourceTree = "<group>"; };
		6E3991D828F70A3900EA3ECD /* CourseDetailsViewModel.swift */ = {isa = PBXFileReference; lastKnownFileType = sourcecode.swift; path = CourseDetailsViewModel.swift; sourceTree = "<group>"; };
		6E3991DB28F70D3200EA3ECD /* Course.swift */ = {isa = PBXFileReference; lastKnownFileType = sourcecode.swift; path = Course.swift; sourceTree = "<group>"; };
		6E45FDC528FF1200008AF765 /* ImageManager.swift */ = {isa = PBXFileReference; lastKnownFileType = sourcecode.swift; path = ImageManager.swift; sourceTree = "<group>"; };
		6E45FDC728FF192F008AF765 /* DataManager.swift */ = {isa = PBXFileReference; lastKnownFileType = sourcecode.swift; path = DataManager.swift; sourceTree = "<group>"; };
		6E45FDCA28FF23B6008AF765 /* CourseListViewModel.swift */ = {isa = PBXFileReference; lastKnownFileType = sourcecode.swift; path = CourseListViewModel.swift; sourceTree = "<group>"; };
		6E45FDCC28FF23D4008AF765 /* CourseListViewController.swift */ = {isa = PBXFileReference; lastKnownFileType = sourcecode.swift; path = CourseListViewController.swift; sourceTree = "<group>"; };
		6E45FDCF28FF2481008AF765 /* CourseTableViewCell.swift */ = {isa = PBXFileReference; lastKnownFileType = sourcecode.swift; path = CourseTableViewCell.swift; sourceTree = "<group>"; };
		6E45FDD128FF24C5008AF765 /* CourseTableViewCellViewModel.swift */ = {isa = PBXFileReference; lastKnownFileType = sourcecode.swift; path = CourseTableViewCellViewModel.swift; sourceTree = "<group>"; };
		6E45FDD328FF29FE008AF765 /* NetworkManager.swift */ = {isa = PBXFileReference; lastKnownFileType = sourcecode.swift; path = NetworkManager.swift; sourceTree = "<group>"; };
/* End PBXFileReference section */

/* Begin PBXFrameworksBuildPhase section */
		6E3991BD28F7079E00EA3ECD /* Frameworks */ = {
			isa = PBXFrameworksBuildPhase;
			buildActionMask = 2147483647;
			files = (
			);
			runOnlyForDeploymentPostprocessing = 0;
		};
/* End PBXFrameworksBuildPhase section */

/* Begin PBXGroup section */
		6E3991B728F7079E00EA3ECD = {
			isa = PBXGroup;
			children = (
				6E3991C228F7079E00EA3ECD /* architectural_patterns */,
				6E3991C128F7079E00EA3ECD /* Products */,
			);
			sourceTree = "<group>";
		};
		6E3991C128F7079E00EA3ECD /* Products */ = {
			isa = PBXGroup;
			children = (
				6E3991C028F7079E00EA3ECD /* architectural_patterns.app */,
			);
			name = Products;
			sourceTree = "<group>";
		};
		6E3991C228F7079E00EA3ECD /* architectural_patterns */ = {
			isa = PBXGroup;
			children = (
				6E45FDD728FFEAF8008AF765 /* Storyboard */,
				6E45FDD628FFEADA008AF765 /* Supporting Files */,
				6E45FDD528FFEAA2008AF765 /* Resources */,
				6E45FDC928FF2340008AF765 /* CourseList */,
				6E3991DA28F70D2100EA3ECD /* Model */,
				6E45FDC428FF11AC008AF765 /* Services */,
				6E3991D728F7099A00EA3ECD /* CourseDetails */,
			);
			path = architectural_patterns;
			sourceTree = "<group>";
		};
		6E3991D728F7099A00EA3ECD /* CourseDetails */ = {
			isa = PBXGroup;
			children = (
				6E3991C728F7079E00EA3ECD /* CourseDetailsViewController.swift */,
				6E3991D828F70A3900EA3ECD /* CourseDetailsViewModel.swift */,
			);
			path = CourseDetails;
			sourceTree = "<group>";
		};
		6E3991DA28F70D2100EA3ECD /* Model */ = {
			isa = PBXGroup;
			children = (
				6E3991DB28F70D3200EA3ECD /* Course.swift */,
			);
			path = Model;
			sourceTree = "<group>";
		};
		6E45FDC428FF11AC008AF765 /* Services */ = {
			isa = PBXGroup;
			children = (
				6E45FDC528FF1200008AF765 /* ImageManager.swift */,
				6E45FDC728FF192F008AF765 /* DataManager.swift */,
				6E45FDD328FF29FE008AF765 /* NetworkManager.swift */,
			);
			path = Services;
			sourceTree = "<group>";
		};
		6E45FDC928FF2340008AF765 /* CourseList */ = {
			isa = PBXGroup;
			children = (
				6E45FDCE28FF245C008AF765 /* CourseTableViewCell */,
				6E45FDCC28FF23D4008AF765 /* CourseListViewController.swift */,
				6E45FDCA28FF23B6008AF765 /* CourseListViewModel.swift */,
			);
			path = CourseList;
			sourceTree = "<group>";
		};
		6E45FDCE28FF245C008AF765 /* CourseTableViewCell */ = {
			isa = PBXGroup;
			children = (
				6E45FDCF28FF2481008AF765 /* CourseTableViewCell.swift */,
				6E45FDD128FF24C5008AF765 /* CourseTableViewCellViewModel.swift */,
			);
			path = CourseTableViewCell;
			sourceTree = "<group>";
		};
		6E45FDD528FFEAA2008AF765 /* Resources */ = {
			isa = PBXGroup;
			children = (
				6E3991CC28F7079F00EA3ECD /* Assets.xcassets */,
			);
			path = Resources;
			sourceTree = "<group>";
		};
		6E45FDD628FFEADA008AF765 /* Supporting Files */ = {
			isa = PBXGroup;
			children = (
				6E3991C328F7079E00EA3ECD /* AppDelegate.swift */,
				6E3991D128F7079F00EA3ECD /* Info.plist */,
			);
			path = "Supporting Files";
			sourceTree = "<group>";
		};
		6E45FDD728FFEAF8008AF765 /* Storyboard */ = {
			isa = PBXGroup;
			children = (
				6E3991C928F7079E00EA3ECD /* Main.storyboard */,
				6E3991CE28F7079F00EA3ECD /* LaunchScreen.storyboard */,
			);
			path = Storyboard;
			sourceTree = "<group>";
		};
/* End PBXGroup section */

/* Begin PBXNativeTarget section */
		6E3991BF28F7079E00EA3ECD /* architectural_patterns */ = {
			isa = PBXNativeTarget;
			buildConfigurationList = 6E3991D428F7079F00EA3ECD /* Build configuration list for PBXNativeTarget "architectural_patterns" */;
			buildPhases = (
				6E3991BC28F7079E00EA3ECD /* Sources */,
				6E3991BD28F7079E00EA3ECD /* Frameworks */,
				6E3991BE28F7079E00EA3ECD /* Resources */,
			);
			buildRules = (
			);
			dependencies = (
			);
			name = architectural_patterns;
			productName = architectural_patterns;
			productReference = 6E3991C028F7079E00EA3ECD /* architectural_patterns.app */;
			productType = "com.apple.product-type.application";
		};
/* End PBXNativeTarget section */

/* Begin PBXProject section */
		6E3991B828F7079E00EA3ECD /* Project object */ = {
			isa = PBXProject;
			attributes = {
				BuildIndependentTargetsInParallel = 1;
				LastSwiftUpdateCheck = 1320;
				LastUpgradeCheck = 1320;
				TargetAttributes = {
					6E3991BF28F7079E00EA3ECD = {
						CreatedOnToolsVersion = 13.2.1;
					};
				};
			};
			buildConfigurationList = 6E3991BB28F7079E00EA3ECD /* Build configuration list for PBXProject "architectural_patterns" */;
			compatibilityVersion = "Xcode 13.0";
			developmentRegion = en;
			hasScannedForEncodings = 0;
			knownRegions = (
				en,
				Base,
			);
			mainGroup = 6E3991B728F7079E00EA3ECD;
			productRefGroup = 6E3991C128F7079E00EA3ECD /* Products */;
			projectDirPath = "";
			projectRoot = "";
			targets = (
				6E3991BF28F7079E00EA3ECD /* architectural_patterns */,
			);
		};
/* End PBXProject section */

/* Begin PBXResourcesBuildPhase section */
		6E3991BE28F7079E00EA3ECD /* Resources */ = {
			isa = PBXResourcesBuildPhase;
			buildActionMask = 2147483647;
			files = (
				6E3991D028F7079F00EA3ECD /* LaunchScreen.storyboard in Resources */,
				6E3991CD28F7079F00EA3ECD /* Assets.xcassets in Resources */,
				6E3991CB28F7079E00EA3ECD /* Main.storyboard in Resources */,
			);
			runOnlyForDeploymentPostprocessing = 0;
		};
/* End PBXResourcesBuildPhase section */

/* Begin PBXSourcesBuildPhase section */
		6E3991BC28F7079E00EA3ECD /* Sources */ = {
			isa = PBXSourcesBuildPhase;
			buildActionMask = 2147483647;
			files = (
				6E45FDD428FF29FE008AF765 /* NetworkManager.swift in Sources */,
				6E3991C828F7079E00EA3ECD /* CourseDetailsViewController.swift in Sources */,
				6E3991C428F7079E00EA3ECD /* AppDelegate.swift in Sources */,
				6E3991DC28F70D3200EA3ECD /* Course.swift in Sources */,
				6E45FDC828FF192F008AF765 /* DataManager.swift in Sources */,
				6E45FDD028FF2481008AF765 /* CourseTableViewCell.swift in Sources */,
				6E45FDD228FF24C5008AF765 /* CourseTableViewCellViewModel.swift in Sources */,
				6E45FDC628FF1200008AF765 /* ImageManager.swift in Sources */,
				6E45FDCB28FF23B6008AF765 /* CourseListViewModel.swift in Sources */,
				6E3991D928F70A3900EA3ECD /* CourseDetailsViewModel.swift in Sources */,
				6E45FDCD28FF23D4008AF765 /* CourseListViewController.swift in Sources */,
			);
			runOnlyForDeploymentPostprocessing = 0;
		};
/* End PBXSourcesBuildPhase section */

/* Begin PBXVariantGroup section */
		6E3991C928F7079E00EA3ECD /* Main.storyboard */ = {
			isa = PBXVariantGroup;
			children = (
				6E3991CA28F7079E00EA3ECD /* Base */,
			);
			name = Main.storyboard;
			sourceTree = "<group>";
		};
		6E3991CE28F7079F00EA3ECD /* LaunchScreen.storyboard */ = {
			isa = PBXVariantGroup;
			children = (
				6E3991CF28F7079F00EA3ECD /* Base */,
			);
			name = LaunchScreen.storyboard;
			sourceTree = "<group>";
		};
/* End PBXVariantGroup section */

/* Begin XCBuildConfiguration section */
		6E3991D228F7079F00EA3ECD /* Debug */ = {
			isa = XCBuildConfiguration;
			buildSettings = {
				ALWAYS_SEARCH_USER_PATHS = NO;
				CLANG_ANALYZER_NONNULL = YES;
				CLANG_ANALYZER_NUMBER_OBJECT_CONVERSION = YES_AGGRESSIVE;
				CLANG_CXX_LANGUAGE_STANDARD = "gnu++17";
				CLANG_CXX_LIBRARY = "libc++";
				CLANG_ENABLE_MODULES = YES;
				CLANG_ENABLE_OBJC_ARC = YES;
				CLANG_ENABLE_OBJC_WEAK = YES;
				CLANG_WARN_BLOCK_CAPTURE_AUTORELEASING = YES;
				CLANG_WARN_BOOL_CONVERSION = YES;
				CLANG_WARN_COMMA = YES;
				CLANG_WARN_CONSTANT_CONVERSION = YES;
				CLANG_WARN_DEPRECATED_OBJC_IMPLEMENTATIONS = YES;
				CLANG_WARN_DIRECT_OBJC_ISA_USAGE = YES_ERROR;
				CLANG_WARN_DOCUMENTATION_COMMENTS = YES;
				CLANG_WARN_EMPTY_BODY = YES;
				CLANG_WARN_ENUM_CONVERSION = YES;
				CLANG_WARN_INFINITE_RECURSION = YES;
				CLANG_WARN_INT_CONVERSION = YES;
				CLANG_WARN_NON_LITERAL_NULL_CONVERSION = YES;
				CLANG_WARN_OBJC_IMPLICIT_RETAIN_SELF = YES;
				CLANG_WARN_OBJC_LITERAL_CONVERSION = YES;
				CLANG_WARN_OBJC_ROOT_CLASS = YES_ERROR;
				CLANG_WARN_QUOTED_INCLUDE_IN_FRAMEWORK_HEADER = YES;
				CLANG_WARN_RANGE_LOOP_ANALYSIS = YES;
				CLANG_WARN_STRICT_PROTOTYPES = YES;
				CLANG_WARN_SUSPICIOUS_MOVE = YES;
				CLANG_WARN_UNGUARDED_AVAILABILITY = YES_AGGRESSIVE;
				CLANG_WARN_UNREACHABLE_CODE = YES;
				CLANG_WARN__DUPLICATE_METHOD_MATCH = YES;
				COPY_PHASE_STRIP = NO;
				DEBUG_INFORMATION_FORMAT = dwarf;
				ENABLE_STRICT_OBJC_MSGSEND = YES;
				ENABLE_TESTABILITY = YES;
				GCC_C_LANGUAGE_STANDARD = gnu11;
				GCC_DYNAMIC_NO_PIC = NO;
				GCC_NO_COMMON_BLOCKS = YES;
				GCC_OPTIMIZATION_LEVEL = 0;
				GCC_PREPROCESSOR_DEFINITIONS = (
					"DEBUG=1",
					"$(inherited)",
				);
				GCC_WARN_64_TO_32_BIT_CONVERSION = YES;
				GCC_WARN_ABOUT_RETURN_TYPE = YES_ERROR;
				GCC_WARN_UNDECLARED_SELECTOR = YES;
				GCC_WARN_UNINITIALIZED_AUTOS = YES_AGGRESSIVE;
				GCC_WARN_UNUSED_FUNCTION = YES;
				GCC_WARN_UNUSED_VARIABLE = YES;
				IPHONEOS_DEPLOYMENT_TARGET = 15.2;
				MTL_ENABLE_DEBUG_INFO = INCLUDE_SOURCE;
				MTL_FAST_MATH = YES;
				ONLY_ACTIVE_ARCH = YES;
				SDKROOT = iphoneos;
				SWIFT_ACTIVE_COMPILATION_CONDITIONS = DEBUG;
				SWIFT_OPTIMIZATION_LEVEL = "-Onone";
			};
			name = Debug;
		};
		6E3991D328F7079F00EA3ECD /* Release */ = {
			isa = XCBuildConfiguration;
			buildSettings = {
				ALWAYS_SEARCH_USER_PATHS = NO;
				CLANG_ANALYZER_NONNULL = YES;
				CLANG_ANALYZER_NUMBER_OBJECT_CONVERSION = YES_AGGRESSIVE;
				CLANG_CXX_LANGUAGE_STANDARD = "gnu++17";
				CLANG_CXX_LIBRARY = "libc++";
				CLANG_ENABLE_MODULES = YES;
				CLANG_ENABLE_OBJC_ARC = YES;
				CLANG_ENABLE_OBJC_WEAK = YES;
				CLANG_WARN_BLOCK_CAPTURE_AUTORELEASING = YES;
				CLANG_WARN_BOOL_CONVERSION = YES;
				CLANG_WARN_COMMA = YES;
				CLANG_WARN_CONSTANT_CONVERSION = YES;
				CLANG_WARN_DEPRECATED_OBJC_IMPLEMENTATIONS = YES;
				CLANG_WARN_DIRECT_OBJC_ISA_USAGE = YES_ERROR;
				CLANG_WARN_DOCUMENTATION_COMMENTS = YES;
				CLANG_WARN_EMPTY_BODY = YES;
				CLANG_WARN_ENUM_CONVERSION = YES;
				CLANG_WARN_INFINITE_RECURSION = YES;
				CLANG_WARN_INT_CONVERSION = YES;
				CLANG_WARN_NON_LITERAL_NULL_CONVERSION = YES;
				CLANG_WARN_OBJC_IMPLICIT_RETAIN_SELF = YES;
				CLANG_WARN_OBJC_LITERAL_CONVERSION = YES;
				CLANG_WARN_OBJC_ROOT_CLASS = YES_ERROR;
				CLANG_WARN_QUOTED_INCLUDE_IN_FRAMEWORK_HEADER = YES;
				CLANG_WARN_RANGE_LOOP_ANALYSIS = YES;
				CLANG_WARN_STRICT_PROTOTYPES = YES;
				CLANG_WARN_SUSPICIOUS_MOVE = YES;
				CLANG_WARN_UNGUARDED_AVAILABILITY = YES_AGGRESSIVE;
				CLANG_WARN_UNREACHABLE_CODE = YES;
				CLANG_WARN__DUPLICATE_METHOD_MATCH = YES;
				COPY_PHASE_STRIP = NO;
				DEBUG_INFORMATION_FORMAT = "dwarf-with-dsym";
				ENABLE_NS_ASSERTIONS = NO;
				ENABLE_STRICT_OBJC_MSGSEND = YES;
				GCC_C_LANGUAGE_STANDARD = gnu11;
				GCC_NO_COMMON_BLOCKS = YES;
				GCC_WARN_64_TO_32_BIT_CONVERSION = YES;
				GCC_WARN_ABOUT_RETURN_TYPE = YES_ERROR;
				GCC_WARN_UNDECLARED_SELECTOR = YES;
				GCC_WARN_UNINITIALIZED_AUTOS = YES_AGGRESSIVE;
				GCC_WARN_UNUSED_FUNCTION = YES;
				GCC_WARN_UNUSED_VARIABLE = YES;
				IPHONEOS_DEPLOYMENT_TARGET = 15.2;
				MTL_ENABLE_DEBUG_INFO = NO;
				MTL_FAST_MATH = YES;
				SDKROOT = iphoneos;
				SWIFT_COMPILATION_MODE = wholemodule;
				SWIFT_OPTIMIZATION_LEVEL = "-O";
				VALIDATE_PRODUCT = YES;
			};
			name = Release;
		};
		6E3991D528F7079F00EA3ECD /* Debug */ = {
			isa = XCBuildConfiguration;
			buildSettings = {
				ASSETCATALOG_COMPILER_APPICON_NAME = AppIcon;
				ASSETCATALOG_COMPILER_GLOBAL_ACCENT_COLOR_NAME = AccentColor;
				CODE_SIGN_STYLE = Automatic;
				CURRENT_PROJECT_VERSION = 1;
				DEVELOPMENT_TEAM = 38NM7VX6QJ;
				GENERATE_INFOPLIST_FILE = YES;
				INFOPLIST_FILE = "architectural_patterns/Supporting Files/Info.plist";
				INFOPLIST_KEY_UIApplicationSupportsIndirectInputEvents = YES;
				INFOPLIST_KEY_UILaunchStoryboardName = LaunchScreen;
				INFOPLIST_KEY_UIMainStoryboardFile = Main;
				INFOPLIST_KEY_UISupportedInterfaceOrientations = "UIInterfaceOrientationPortrait UIInterfaceOrientationLandscapeLeft UIInterfaceOrientationLandscapeRight";
				INFOPLIST_KEY_UISupportedInterfaceOrientations_iPad = "UIInterfaceOrientationPortrait UIInterfaceOrientationPortraitUpsideDown UIInterfaceOrientationLandscapeLeft UIInterfaceOrientationLandscapeRight";
				INFOPLIST_KEY_UISupportedInterfaceOrientations_iPhone = "UIInterfaceOrientationPortrait UIInterfaceOrientationLandscapeLeft UIInterfaceOrientationLandscapeRight";
				LD_RUNPATH_SEARCH_PATHS = (
					"$(inherited)",
					"@executable_path/Frameworks",
				);
				MARKETING_VERSION = 1.0;
				PRODUCT_BUNDLE_IDENTIFIER = "com.it-gi.architectural-patterns";
				PRODUCT_NAME = "$(TARGET_NAME)";
				SWIFT_EMIT_LOC_STRINGS = YES;
				SWIFT_VERSION = 5.0;
				TARGETED_DEVICE_FAMILY = "1,2";
			};
			name = Debug;
		};
		6E3991D628F7079F00EA3ECD /* Release */ = {
			isa = XCBuildConfiguration;
			buildSettings = {
				ASSETCATALOG_COMPILER_APPICON_NAME = AppIcon;
				ASSETCATALOG_COMPILER_GLOBAL_ACCENT_COLOR_NAME = AccentColor;
				CODE_SIGN_STYLE = Automatic;
				CURRENT_PROJECT_VERSION = 1;
				DEVELOPMENT_TEAM = 38NM7VX6QJ;
				GENERATE_INFOPLIST_FILE = YES;
				INFOPLIST_FILE = "architectural_patterns/Supporting Files/Info.plist";
				INFOPLIST_KEY_UIApplicationSupportsIndirectInputEvents = YES;
				INFOPLIST_KEY_UILaunchStoryboardName = LaunchScreen;
				INFOPLIST_KEY_UIMainStoryboardFile = Main;
				INFOPLIST_KEY_UISupportedInterfaceOrientations = "UIInterfaceOrientationPortrait UIInterfaceOrientationLandscapeLeft UIInterfaceOrientationLandscapeRight";
				INFOPLIST_KEY_UISupportedInterfaceOrientations_iPad = "UIInterfaceOrientationPortrait UIInterfaceOrientationPortraitUpsideDown UIInterfaceOrientationLandscapeLeft UIInterfaceOrientationLandscapeRight";
				INFOPLIST_KEY_UISupportedInterfaceOrientations_iPhone = "UIInterfaceOrientationPortrait UIInterfaceOrientationLandscapeLeft UIInterfaceOrientationLandscapeRight";
				LD_RUNPATH_SEARCH_PATHS = (
					"$(inherited)",
					"@executable_path/Frameworks",
				);
				MARKETING_VERSION = 1.0;
				PRODUCT_BUNDLE_IDENTIFIER = "com.it-gi.architectural-patterns";
				PRODUCT_NAME = "$(TARGET_NAME)";
				SWIFT_EMIT_LOC_STRINGS = YES;
				SWIFT_VERSION = 5.0;
				TARGETED_DEVICE_FAMILY = "1,2";
			};
			name = Release;
		};
/* End XCBuildConfiguration section */

/* Begin XCConfigurationList section */
		6E3991BB28F7079E00EA3ECD /* Build configuration list for PBXProject "architectural_patterns" */ = {
			isa = XCConfigurationList;
			buildConfigurations = (
				6E3991D228F7079F00EA3ECD /* Debug */,
				6E3991D328F7079F00EA3ECD /* Release */,
			);
			defaultConfigurationIsVisible = 0;
			defaultConfigurationName = Release;
		};
		6E3991D428F7079F00EA3ECD /* Build configuration list for PBXNativeTarget "architectural_patterns" */ = {
			isa = XCConfigurationList;
			buildConfigurations = (
				6E3991D528F7079F00EA3ECD /* Debug */,
				6E3991D628F7079F00EA3ECD /* Release */,
			);
			defaultConfigurationIsVisible = 0;
			defaultConfigurationName = Release;
		};
/* End XCConfigurationList section */
	};
	rootObject = 6E3991B828F7079E00EA3ECD /* Project object */;
}
